
Microsoft Visual Studio Solution File, Format Version 12.00
# Visual Studio 2013
VisualStudioVersion = 12.0.21005.1
MinimumVisualStudioVersion = 10.0.40219.1
Project("{FAE04EC0-301F-11D3-BF4B-00C04F79EFBC}") = "BMI_calculator", "BMI_calculator\BMI_calculator.csproj", "{B914753B-3A2C-4823-8425-25DE72D78A73}"
EndProject
Global
	GlobalSection(SolutionConfigurationPlatforms) = preSolution
		Debug|Any CPU = Debug|Any CPU
		Release|Any CPU = Release|Any CPU
	EndGlobalSection
	GlobalSection(ProjectConfigurationPlatforms) = postSolution
		{B914753B-3A2C-4823-8425-25DE72D78A73}.Debug|Any CPU.ActiveCfg = Debug|Any CPU
		{B914753B-3A2C-4823-8425-25DE72D78A73}.Debug|Any CPU.Build.0 = Debug|Any CPU
		{B914753B-3A2C-4823-8425-25DE72D78A73}.Release|Any CPU.ActiveCfg = Release|Any CPU
		{B914753B-3A2C-4823-8425-25DE72D78A73}.Release|Any CPU.Build.0 = Release|Any CPU
	EndGlobalSection
	GlobalSection(SolutionProperties) = preSolution
		HideSolutionNode = FALSE
	EndGlobalSection
EndGlobal
